
Microsoft Visual Studio Solution File, Format Version 12.00
# Visual Studio Version 16
VisualStudioVersion = 16.0.29215.179
MinimumVisualStudioVersion = 10.0.40219.1
Project("{FAE04EC0-301F-11D3-BF4B-00C04F79EFBC}") = "DementiaCare", "DementiaCare.csproj", "{4634540C-BF5C-4D2B-A85F-A0C461B16E88}"
EndProject
Project("{FAE04EC0-301F-11D3-BF4B-00C04F79EFBC}") = "DementiaCare.Tests", "..\DementiaCare.Tests\DementiaCare.Tests.csproj", "{BD5DF461-BDC6-4FCA-A2C8-5CD3B3F8D4D7}"
EndProject
Global
	GlobalSection(SolutionConfigurationPlatforms) = preSolution
		Debug|Any CPU = Debug|Any CPU
		Release|Any CPU = Release|Any CPU
	EndGlobalSection
	GlobalSection(ProjectConfigurationPlatforms) = postSolution
		{4634540C-BF5C-4D2B-A85F-A0C461B16E88}.Debug|Any CPU.ActiveCfg = Debug|Any CPU
		{4634540C-BF5C-4D2B-A85F-A0C461B16E88}.Debug|Any CPU.Build.0 = Debug|Any CPU
		{4634540C-BF5C-4D2B-A85F-A0C461B16E88}.Release|Any CPU.ActiveCfg = Release|Any CPU
		{4634540C-BF5C-4D2B-A85F-A0C461B16E88}.Release|Any CPU.Build.0 = Release|Any CPU
		{BD5DF461-BDC6-4FCA-A2C8-5CD3B3F8D4D7}.Debug|Any CPU.ActiveCfg = Debug|Any CPU
		{BD5DF461-BDC6-4FCA-A2C8-5CD3B3F8D4D7}.Debug|Any CPU.Build.0 = Debug|Any CPU
		{BD5DF461-BDC6-4FCA-A2C8-5CD3B3F8D4D7}.Release|Any CPU.ActiveCfg = Release|Any CPU
		{BD5DF461-BDC6-4FCA-A2C8-5CD3B3F8D4D7}.Release|Any CPU.Build.0 = Release|Any CPU
	EndGlobalSection
	GlobalSection(SolutionProperties) = preSolution
		HideSolutionNode = FALSE
	EndGlobalSection
	GlobalSection(ExtensibilityGlobals) = postSolution
		SolutionGuid = {CDB0B3B0-4AE1-428F-A6BC-F990AB8BC6C5}
	EndGlobalSection
EndGlobal
